
Microsoft Visual Studio Solution File, Format Version 12.00
# Visual Studio Version 17
VisualStudioVersion = 17.11.35431.28
MinimumVisualStudioVersion = 10.0.40219.1
Project("{FAE04EC0-301F-11D3-BF4B-00C04F79EFBC}") = "PasswordManager", "PasswordManager\PasswordManager.csproj", "{965B66D9-4464-40F9-ACC5-85B3DC2584D1}"
EndProject
Global
	GlobalSection(SolutionConfigurationPlatforms) = preSolution
		Debug|Any CPU = Debug|Any CPU
		Release|Any CPU = Release|Any CPU
	EndGlobalSection
	GlobalSection(ProjectConfigurationPlatforms) = postSolution
		{965B66D9-4464-40F9-ACC5-85B3DC2584D1}.Debug|Any CPU.ActiveCfg = Debug|Any CPU
		{965B66D9-4464-40F9-ACC5-85B3DC2584D1}.Debug|Any CPU.Build.0 = Debug|Any CPU
		{965B66D9-4464-40F9-ACC5-85B3DC2584D1}.Release|Any CPU.ActiveCfg = Release|Any CPU
		{965B66D9-4464-40F9-ACC5-85B3DC2584D1}.Release|Any CPU.Build.0 = Release|Any CPU
	EndGlobalSection
	GlobalSection(SolutionProperties) = preSolution
		HideSolutionNode = FALSE
	EndGlobalSection
	GlobalSection(ExtensibilityGlobals) = postSolution
		SolutionGuid = {7F7F5D15-0012-4E22-BFB9-79EB1D631266}
	EndGlobalSection
EndGlobal
